{
  "version": "5",
  "specifiers": {
    "jsr:@std/crypto@*": "1.0.5",
    "jsr:@std/encoding@*": "1.0.10",
    "jsr:@std/http@1": "1.0.25"
  },
  "jsr": {
    "@std/crypto@1.0.5": {
      "integrity": "0dcfbb319fe0bba1bd3af904ceb4f948cde1b92979ec1614528380ed308a3b40"
    },
    "@std/encoding@1.0.10": {
      "integrity": "8783c6384a2d13abd5e9e87a7ae0520a30e9f56aeeaa3bdf910a3eaaf5c811a1"
    },
    "@std/http@1.0.25": {
      "integrity": "577b4252290af1097132812b339fffdd55fb0f4aeb98ff11bdbf67998aa17193"
    }
  },
  "workspace": {
    "dependencies": [
      "jsr:@std/assert@1",
      "jsr:@std/http@1"
    ]
  }
}
